
Microsoft Visual Studio Solution File, Format Version 12.00
# Visual Studio Version 17
VisualStudioVersion = 17.2.32602.215
MinimumVisualStudioVersion = 10.0.40219.1
Project("{FAE04EC0-301F-11D3-BF4B-00C04F79EFBC}") = "CTDemoApp", "CTDemoApp\CTDemoApp.csproj", "{077686DD-4777-46A6-A028-F2B2DBBD93BA}"
EndProject
Global
	GlobalSection(SolutionConfigurationPlatforms) = preSolution
		Debug|Any CPU = Debug|Any CPU
		Release|Any CPU = Release|Any CPU
	EndGlobalSection
	GlobalSection(ProjectConfigurationPlatforms) = postSolution
		{077686DD-4777-46A6-A028-F2B2DBBD93BA}.Debug|Any CPU.ActiveCfg = Debug|Any CPU
		{077686DD-4777-46A6-A028-F2B2DBBD93BA}.Debug|Any CPU.Build.0 = Debug|Any CPU
		{077686DD-4777-46A6-A028-F2B2DBBD93BA}.Release|Any CPU.ActiveCfg = Release|Any CPU
		{077686DD-4777-46A6-A028-F2B2DBBD93BA}.Release|Any CPU.Build.0 = Release|Any CPU
	EndGlobalSection
	GlobalSection(SolutionProperties) = preSolution
		HideSolutionNode = FALSE
	EndGlobalSection
	GlobalSection(ExtensibilityGlobals) = postSolution
		SolutionGuid = {18FEFED0-BE61-404E-A4D9-7351B51DF6F1}
	EndGlobalSection
EndGlobal
